{
  "originHash" : "fe0e4f745e80a39791f1b8ef36548292381488f2cde2c7d12cd93483d64241da",
  "pins" : [
    {
      "identity" : "screchkit",
      "kind" : "remoteSourceControl",
      "location" : "https://github.com/TopScrech/ScrechKit",
      "state" : {
        "branch" : "main",
        "revision" : "c551fdb49de6625903e9d11b13e7e89eaf8a8bf3"
      }
    }
  ],
  "version" : 3
}
