{
  "originHash" : "5d7a88f6dde7803a53712341ac371d42afd7cc1b6185e9d6cfe1fdc826f17f42",
  "pins" : [
    {
      "identity" : "screchkit",
      "kind" : "remoteSourceControl",
      "location" : "https://github.com/TopScrech/ScrechKit",
      "state" : {
        "branch" : "main",
        "revision" : "944c3487f894bf03bb53590d64bd96d65af0e00b"
      }
    },
    {
      "identity" : "swifto-crypto",
      "kind" : "remoteSourceControl",
      "location" : "https://github.com/TopScrech/Swifto-Crypto",
      "state" : {
        "branch" : "main",
        "revision" : "ae742910100c8d79824966bcda5bfb92ecc28884"
      }
    }
  ],
  "version" : 3
}
