// !$*UTF8*$!
{
	archiveVersion = 1;
	classes = {
	};
	objectVersion = 56;
	objects = {

/* Begin PBXBuildFile section */
		F332167F2BEF75FC00F6AB52 /* Storage.swift in Sources */ = {isa = PBXBuildFile; fileRef = F332167E2BEF75FC00F6AB52 /* Storage.swift */; };
		F33216812BEF768100F6AB52 /* Drawing VM.swift in Sources */ = {isa = PBXBuildFile; fileRef = F33216802BEF768100F6AB52 /* Drawing VM.swift */; };
		F33216832BEF76FB00F6AB52 /* Settings View.swift in Sources */ = {isa = PBXBuildFile; fileRef = F33216822BEF76FB00F6AB52 /* Settings View.swift */; };
		F38114FD2BF1624500F6AD6D /* Drawing Representable.swift in Sources */ = {isa = PBXBuildFile; fileRef = F38114FC2BF1624500F6AD6D /* Drawing Representable.swift */; };
		F38114FF2BF28B4500F6AD6D /* Localizable.xcstrings in Resources */ = {isa = PBXBuildFile; fileRef = F38114FE2BF28B4500F6AD6D /* Localizable.xcstrings */; };
		F392A2C22BED772B008EAD12 /* Workbook Pro.swift in Sources */ = {isa = PBXBuildFile; fileRef = F392A2C12BED772B008EAD12 /* Workbook Pro.swift */; };
		F392A2C42BED772B008EAD12 /* App Container.swift in Sources */ = {isa = PBXBuildFile; fileRef = F392A2C32BED772B008EAD12 /* App Container.swift */; };
		F392A2C62BED772B008EAD12 /* Item.swift in Sources */ = {isa = PBXBuildFile; fileRef = F392A2C52BED772B008EAD12 /* Item.swift */; };
		F392A2C82BED772C008EAD12 /* Assets.xcassets in Resources */ = {isa = PBXBuildFile; fileRef = F392A2C72BED772C008EAD12 /* Assets.xcassets */; };
		F392A2D62BEE0896008EAD12 /* View Controller.swift in Sources */ = {isa = PBXBuildFile; fileRef = F392A2D52BEE0896008EAD12 /* View Controller.swift */; };
		F392A2DC2BEE10B7008EAD12 /* Note List.swift in Sources */ = {isa = PBXBuildFile; fileRef = F392A2DB2BEE10B7008EAD12 /* Note List.swift */; };
		F392A2DF2BEE113E008EAD12 /* ScrechKit in Frameworks */ = {isa = PBXBuildFile; productRef = F392A2DE2BEE113E008EAD12 /* ScrechKit */; };
		F392A2E32BEE50ED008EAD12 /* Drawing View.swift in Sources */ = {isa = PBXBuildFile; fileRef = F392A2E22BEE50ED008EAD12 /* Drawing View.swift */; };
		F3C50ECF2BF81D4300DF017F /* Swifto Crypto in Frameworks */ = {isa = PBXBuildFile; productRef = F3C50ECE2BF81D4300DF017F /* Swifto Crypto */; };
		F3E6D9182BF654E0008B810E /* Group Activity.swift in Sources */ = {isa = PBXBuildFile; fileRef = F3E6D9172BF654E0008B810E /* Group Activity.swift */; };
		F3E6D91A2BF65554008B810E /* Messages.swift in Sources */ = {isa = PBXBuildFile; fileRef = F3E6D9192BF65554008B810E /* Messages.swift */; };
		F3E6D91E2BF6710D008B810E /* UIColor.swift in Sources */ = {isa = PBXBuildFile; fileRef = F3E6D91D2BF6710D008B810E /* UIColor.swift */; };
		F3F5BC752BF6B83400EB8FB1 /* Group Activity VC.swift in Sources */ = {isa = PBXBuildFile; fileRef = F3F5BC742BF6B83400EB8FB1 /* Group Activity VC.swift */; };
		F3F5BC772BF6B8EB00EB8FB1 /* Tools.swift in Sources */ = {isa = PBXBuildFile; fileRef = F3F5BC762BF6B8EB00EB8FB1 /* Tools.swift */; };
		F3F5BC792BF6B93700EB8FB1 /* Pages.swift in Sources */ = {isa = PBXBuildFile; fileRef = F3F5BC782BF6B93700EB8FB1 /* Pages.swift */; };
/* End PBXBuildFile section */

/* Begin PBXFileReference section */
		F332167A2BEEC32B00F6AB52 /* Workbook-Pro-Info.plist */ = {isa = PBXFileReference; lastKnownFileType = text.plist; path = "Workbook-Pro-Info.plist"; sourceTree = SOURCE_ROOT; };
		F332167E2BEF75FC00F6AB52 /* Storage.swift */ = {isa = PBXFileReference; lastKnownFileType = sourcecode.swift; path = Storage.swift; sourceTree = "<group>"; };
		F33216802BEF768100F6AB52 /* Drawing VM.swift */ = {isa = PBXFileReference; lastKnownFileType = sourcecode.swift; path = "Drawing VM.swift"; sourceTree = "<group>"; };
		F33216822BEF76FB00F6AB52 /* Settings View.swift */ = {isa = PBXFileReference; lastKnownFileType = sourcecode.swift; path = "Settings View.swift"; sourceTree = "<group>"; };
		F38114FC2BF1624500F6AD6D /* Drawing Representable.swift */ = {isa = PBXFileReference; lastKnownFileType = sourcecode.swift; path = "Drawing Representable.swift"; sourceTree = "<group>"; };
		F38114FE2BF28B4500F6AD6D /* Localizable.xcstrings */ = {isa = PBXFileReference; lastKnownFileType = text.json.xcstrings; path = Localizable.xcstrings; sourceTree = "<group>"; };
		F392A2BE2BED772B008EAD12 /* Workbook Pro.app */ = {isa = PBXFileReference; explicitFileType = wrapper.application; includeInIndex = 0; path = "Workbook Pro.app"; sourceTree = BUILT_PRODUCTS_DIR; };
		F392A2C12BED772B008EAD12 /* Workbook Pro.swift */ = {isa = PBXFileReference; lastKnownFileType = sourcecode.swift; path = "Workbook Pro.swift"; sourceTree = "<group>"; };
		F392A2C32BED772B008EAD12 /* App Container.swift */ = {isa = PBXFileReference; lastKnownFileType = sourcecode.swift; path = "App Container.swift"; sourceTree = "<group>"; };
		F392A2C52BED772B008EAD12 /* Item.swift */ = {isa = PBXFileReference; lastKnownFileType = sourcecode.swift; path = Item.swift; sourceTree = "<group>"; };
		F392A2C72BED772C008EAD12 /* Assets.xcassets */ = {isa = PBXFileReference; lastKnownFileType = folder.assetcatalog; path = Assets.xcassets; sourceTree = "<group>"; };
		F392A2D52BEE0896008EAD12 /* View Controller.swift */ = {isa = PBXFileReference; lastKnownFileType = sourcecode.swift; path = "View Controller.swift"; sourceTree = "<group>"; };
		F392A2DB2BEE10B7008EAD12 /* Note List.swift */ = {isa = PBXFileReference; lastKnownFileType = sourcecode.swift; path = "Note List.swift"; sourceTree = "<group>"; };
		F392A2E22BEE50ED008EAD12 /* Drawing View.swift */ = {isa = PBXFileReference; lastKnownFileType = sourcecode.swift; path = "Drawing View.swift"; sourceTree = "<group>"; };
		F3E6D9162BF653A6008B810E /* Workbook Pro.entitlements */ = {isa = PBXFileReference; lastKnownFileType = text.plist.entitlements; path = "Workbook Pro.entitlements"; sourceTree = "<group>"; };
		F3E6D9172BF654E0008B810E /* Group Activity.swift */ = {isa = PBXFileReference; lastKnownFileType = sourcecode.swift; path = "Group Activity.swift"; sourceTree = "<group>"; };
		F3E6D9192BF65554008B810E /* Messages.swift */ = {isa = PBXFileReference; lastKnownFileType = sourcecode.swift; path = Messages.swift; sourceTree = "<group>"; };
		F3E6D91D2BF6710D008B810E /* UIColor.swift */ = {isa = PBXFileReference; lastKnownFileType = sourcecode.swift; path = UIColor.swift; sourceTree = "<group>"; };
		F3F5BC742BF6B83400EB8FB1 /* Group Activity VC.swift */ = {isa = PBXFileReference; lastKnownFileType = sourcecode.swift; path = "Group Activity VC.swift"; sourceTree = "<group>"; };
		F3F5BC762BF6B8EB00EB8FB1 /* Tools.swift */ = {isa = PBXFileReference; lastKnownFileType = sourcecode.swift; path = Tools.swift; sourceTree = "<group>"; };
		F3F5BC782BF6B93700EB8FB1 /* Pages.swift */ = {isa = PBXFileReference; lastKnownFileType = sourcecode.swift; path = Pages.swift; sourceTree = "<group>"; };
/* End PBXFileReference section */

/* Begin PBXFrameworksBuildPhase section */
		F392A2BB2BED772B008EAD12 /* Frameworks */ = {
			isa = PBXFrameworksBuildPhase;
			buildActionMask = 2147483647;
			files = (
				F3C50ECF2BF81D4300DF017F /* Swifto Crypto in Frameworks */,
				F392A2DF2BEE113E008EAD12 /* ScrechKit in Frameworks */,
			);
			runOnlyForDeploymentPostprocessing = 0;
		};
/* End PBXFrameworksBuildPhase section */

/* Begin PBXGroup section */
		F3187A562C89A61C008FB911 /* Settings */ = {
			isa = PBXGroup;
			children = (
				F33216822BEF76FB00F6AB52 /* Settings View.swift */,
			);
			path = Settings;
			sourceTree = "<group>";
		};
		F33216792BEEBFB300F6AB52 /* Model */ = {
			isa = PBXGroup;
			children = (
				F392A2C52BED772B008EAD12 /* Item.swift */,
			);
			path = Model;
			sourceTree = "<group>";
		};
		F332167D2BEF59A400F6AB52 /* Pencil Kit */ = {
			isa = PBXGroup;
			children = (
				F392A2D52BEE0896008EAD12 /* View Controller.swift */,
				F3F5BC782BF6B93700EB8FB1 /* Pages.swift */,
				F3F5BC762BF6B8EB00EB8FB1 /* Tools.swift */,
				F38114FC2BF1624500F6AD6D /* Drawing Representable.swift */,
			);
			path = "Pencil Kit";
			sourceTree = "<group>";
		};
		F36B736B2C89AD9300E858FE /* Navigation */ = {
			isa = PBXGroup;
			children = (
				F392A2C32BED772B008EAD12 /* App Container.swift */,
			);
			path = Navigation;
			sourceTree = "<group>";
		};
		F392A2B52BED772B008EAD12 = {
			isa = PBXGroup;
			children = (
				F392A2C02BED772B008EAD12 /* Workbook Pro */,
				F392A2BF2BED772B008EAD12 /* Products */,
			);
			sourceTree = "<group>";
		};
		F392A2BF2BED772B008EAD12 /* Products */ = {
			isa = PBXGroup;
			children = (
				F392A2BE2BED772B008EAD12 /* Workbook Pro.app */,
			);
			name = Products;
			sourceTree = "<group>";
		};
		F392A2C02BED772B008EAD12 /* Workbook Pro */ = {
			isa = PBXGroup;
			children = (
				F392A2C12BED772B008EAD12 /* Workbook Pro.swift */,
				F332167E2BEF75FC00F6AB52 /* Storage.swift */,
				F3E6D9162BF653A6008B810E /* Workbook Pro.entitlements */,
				F332167A2BEEC32B00F6AB52 /* Workbook-Pro-Info.plist */,
				F392A2C72BED772C008EAD12 /* Assets.xcassets */,
				F38114FE2BF28B4500F6AD6D /* Localizable.xcstrings */,
				F36B736B2C89AD9300E858FE /* Navigation */,
				F3E6D91C2BF670F1008B810E /* Extensions */,
				F392A2DB2BEE10B7008EAD12 /* Note List.swift */,
				F392A2E22BEE50ED008EAD12 /* Drawing View.swift */,
				F33216802BEF768100F6AB52 /* Drawing VM.swift */,
				F3187A562C89A61C008FB911 /* Settings */,
				F3E6D91B2BF657CD008B810E /* Group Activities */,
				F332167D2BEF59A400F6AB52 /* Pencil Kit */,
				F33216792BEEBFB300F6AB52 /* Model */,
			);
			path = "Workbook Pro";
			sourceTree = "<group>";
		};
		F3E6D91B2BF657CD008B810E /* Group Activities */ = {
			isa = PBXGroup;
			children = (
				F3E6D9192BF65554008B810E /* Messages.swift */,
				F3E6D9172BF654E0008B810E /* Group Activity.swift */,
				F3F5BC742BF6B83400EB8FB1 /* Group Activity VC.swift */,
			);
			path = "Group Activities";
			sourceTree = "<group>";
		};
		F3E6D91C2BF670F1008B810E /* Extensions */ = {
			isa = PBXGroup;
			children = (
				F3E6D91D2BF6710D008B810E /* UIColor.swift */,
			);
			path = Extensions;
			sourceTree = "<group>";
		};
/* End PBXGroup section */

/* Begin PBXNativeTarget section */
		F392A2BD2BED772B008EAD12 /* Workbook Pro */ = {
			isa = PBXNativeTarget;
			buildConfigurationList = F392A2CE2BED772C008EAD12 /* Build configuration list for PBXNativeTarget "Workbook Pro" */;
			buildPhases = (
				F392A2BA2BED772B008EAD12 /* Sources */,
				F392A2BB2BED772B008EAD12 /* Frameworks */,
				F392A2BC2BED772B008EAD12 /* Resources */,
			);
			buildRules = (
			);
			dependencies = (
			);
			name = "Workbook Pro";
			packageProductDependencies = (
				F392A2DE2BEE113E008EAD12 /* ScrechKit */,
				F3C50ECE2BF81D4300DF017F /* Swifto Crypto */,
			);
			productName = "Workbook Pro";
			productReference = F392A2BE2BED772B008EAD12 /* Workbook Pro.app */;
			productType = "com.apple.product-type.application";
		};
/* End PBXNativeTarget section */

/* Begin PBXProject section */
		F392A2B62BED772B008EAD12 /* Project object */ = {
			isa = PBXProject;
			attributes = {
				BuildIndependentTargetsInParallel = 1;
				LastSwiftUpdateCheck = 1530;
				LastUpgradeCheck = 1530;
				TargetAttributes = {
					F392A2BD2BED772B008EAD12 = {
						CreatedOnToolsVersion = 15.3;
					};
				};
			};
			buildConfigurationList = F392A2B92BED772B008EAD12 /* Build configuration list for PBXProject "Workbook Pro" */;
			compatibilityVersion = "Xcode 14.0";
			developmentRegion = en;
			hasScannedForEncodings = 0;
			knownRegions = (
				en,
				Base,
			);
			mainGroup = F392A2B52BED772B008EAD12;
			packageReferences = (
				F392A2DD2BEE113E008EAD12 /* XCRemoteSwiftPackageReference "ScrechKit" */,
				F3C50ECD2BF81D4300DF017F /* XCRemoteSwiftPackageReference "Swifto-Crypto" */,
			);
			productRefGroup = F392A2BF2BED772B008EAD12 /* Products */;
			projectDirPath = "";
			projectRoot = "";
			targets = (
				F392A2BD2BED772B008EAD12 /* Workbook Pro */,
			);
		};
/* End PBXProject section */

/* Begin PBXResourcesBuildPhase section */
		F392A2BC2BED772B008EAD12 /* Resources */ = {
			isa = PBXResourcesBuildPhase;
			buildActionMask = 2147483647;
			files = (
				F38114FF2BF28B4500F6AD6D /* Localizable.xcstrings in Resources */,
				F392A2C82BED772C008EAD12 /* Assets.xcassets in Resources */,
			);
			runOnlyForDeploymentPostprocessing = 0;
		};
/* End PBXResourcesBuildPhase section */

/* Begin PBXSourcesBuildPhase section */
		F392A2BA2BED772B008EAD12 /* Sources */ = {
			isa = PBXSourcesBuildPhase;
			buildActionMask = 2147483647;
			files = (
				F392A2E32BEE50ED008EAD12 /* Drawing View.swift in Sources */,
				F3E6D91E2BF6710D008B810E /* UIColor.swift in Sources */,
				F38114FD2BF1624500F6AD6D /* Drawing Representable.swift in Sources */,
				F33216812BEF768100F6AB52 /* Drawing VM.swift in Sources */,
				F392A2C42BED772B008EAD12 /* App Container.swift in Sources */,
				F3E6D9182BF654E0008B810E /* Group Activity.swift in Sources */,
				F3F5BC772BF6B8EB00EB8FB1 /* Tools.swift in Sources */,
				F3E6D91A2BF65554008B810E /* Messages.swift in Sources */,
				F3F5BC752BF6B83400EB8FB1 /* Group Activity VC.swift in Sources */,
				F392A2C62BED772B008EAD12 /* Item.swift in Sources */,
				F392A2C22BED772B008EAD12 /* Workbook Pro.swift in Sources */,
				F33216832BEF76FB00F6AB52 /* Settings View.swift in Sources */,
				F332167F2BEF75FC00F6AB52 /* Storage.swift in Sources */,
				F392A2DC2BEE10B7008EAD12 /* Note List.swift in Sources */,
				F3F5BC792BF6B93700EB8FB1 /* Pages.swift in Sources */,
				F392A2D62BEE0896008EAD12 /* View Controller.swift in Sources */,
			);
			runOnlyForDeploymentPostprocessing = 0;
		};
/* End PBXSourcesBuildPhase section */

/* Begin XCBuildConfiguration section */
		F392A2CC2BED772C008EAD12 /* Debug */ = {
			isa = XCBuildConfiguration;
			buildSettings = {
				ALWAYS_SEARCH_USER_PATHS = NO;
				ASSETCATALOG_COMPILER_GENERATE_SWIFT_ASSET_SYMBOL_EXTENSIONS = YES;
				CLANG_ANALYZER_NONNULL = YES;
				CLANG_ANALYZER_NUMBER_OBJECT_CONVERSION = YES_AGGRESSIVE;
				CLANG_CXX_LANGUAGE_STANDARD = "gnu++20";
				CLANG_ENABLE_MODULES = YES;
				CLANG_ENABLE_OBJC_ARC = YES;
				CLANG_ENABLE_OBJC_WEAK = YES;
				CLANG_WARN_BLOCK_CAPTURE_AUTORELEASING = YES;
				CLANG_WARN_BOOL_CONVERSION = YES;
				CLANG_WARN_COMMA = YES;
				CLANG_WARN_CONSTANT_CONVERSION = YES;
				CLANG_WARN_DEPRECATED_OBJC_IMPLEMENTATIONS = YES;
				CLANG_WARN_DIRECT_OBJC_ISA_USAGE = YES_ERROR;
				CLANG_WARN_DOCUMENTATION_COMMENTS = YES;
				CLANG_WARN_EMPTY_BODY = YES;
				CLANG_WARN_ENUM_CONVERSION = YES;
				CLANG_WARN_INFINITE_RECURSION = YES;
				CLANG_WARN_INT_CONVERSION = YES;
				CLANG_WARN_NON_LITERAL_NULL_CONVERSION = YES;
				CLANG_WARN_OBJC_IMPLICIT_RETAIN_SELF = YES;
				CLANG_WARN_OBJC_LITERAL_CONVERSION = YES;
				CLANG_WARN_OBJC_ROOT_CLASS = YES_ERROR;
				CLANG_WARN_QUOTED_INCLUDE_IN_FRAMEWORK_HEADER = YES;
				CLANG_WARN_RANGE_LOOP_ANALYSIS = YES;
				CLANG_WARN_STRICT_PROTOTYPES = YES;
				CLANG_WARN_SUSPICIOUS_MOVE = YES;
				CLANG_WARN_UNGUARDED_AVAILABILITY = YES_AGGRESSIVE;
				CLANG_WARN_UNREACHABLE_CODE = YES;
				CLANG_WARN__DUPLICATE_METHOD_MATCH = YES;
				COPY_PHASE_STRIP = NO;
				DEBUG_INFORMATION_FORMAT = dwarf;
				ENABLE_STRICT_OBJC_MSGSEND = YES;
				ENABLE_TESTABILITY = YES;
				ENABLE_USER_SCRIPT_SANDBOXING = YES;
				GCC_C_LANGUAGE_STANDARD = gnu17;
				GCC_DYNAMIC_NO_PIC = NO;
				GCC_NO_COMMON_BLOCKS = YES;
				GCC_OPTIMIZATION_LEVEL = 0;
				GCC_PREPROCESSOR_DEFINITIONS = (
					"DEBUG=1",
					"$(inherited)",
				);
				GCC_WARN_64_TO_32_BIT_CONVERSION = YES;
				GCC_WARN_ABOUT_RETURN_TYPE = YES_ERROR;
				GCC_WARN_UNDECLARED_SELECTOR = YES;
				GCC_WARN_UNINITIALIZED_AUTOS = YES_AGGRESSIVE;
				GCC_WARN_UNUSED_FUNCTION = YES;
				GCC_WARN_UNUSED_VARIABLE = YES;
				IPHONEOS_DEPLOYMENT_TARGET = 17.4;
				LOCALIZATION_PREFERS_STRING_CATALOGS = YES;
				MTL_ENABLE_DEBUG_INFO = INCLUDE_SOURCE;
				MTL_FAST_MATH = YES;
				ONLY_ACTIVE_ARCH = YES;
				SDKROOT = iphoneos;
				SWIFT_ACTIVE_COMPILATION_CONDITIONS = "DEBUG $(inherited)";
				SWIFT_OPTIMIZATION_LEVEL = "-Onone";
			};
			name = Debug;
		};
		F392A2CD2BED772C008EAD12 /* Release */ = {
			isa = XCBuildConfiguration;
			buildSettings = {
				ALWAYS_SEARCH_USER_PATHS = NO;
				ASSETCATALOG_COMPILER_GENERATE_SWIFT_ASSET_SYMBOL_EXTENSIONS = YES;
				CLANG_ANALYZER_NONNULL = YES;
				CLANG_ANALYZER_NUMBER_OBJECT_CONVERSION = YES_AGGRESSIVE;
				CLANG_CXX_LANGUAGE_STANDARD = "gnu++20";
				CLANG_ENABLE_MODULES = YES;
				CLANG_ENABLE_OBJC_ARC = YES;
				CLANG_ENABLE_OBJC_WEAK = YES;
				CLANG_WARN_BLOCK_CAPTURE_AUTORELEASING = YES;
				CLANG_WARN_BOOL_CONVERSION = YES;
				CLANG_WARN_COMMA = YES;
				CLANG_WARN_CONSTANT_CONVERSION = YES;
				CLANG_WARN_DEPRECATED_OBJC_IMPLEMENTATIONS = YES;
				CLANG_WARN_DIRECT_OBJC_ISA_USAGE = YES_ERROR;
				CLANG_WARN_DOCUMENTATION_COMMENTS = YES;
				CLANG_WARN_EMPTY_BODY = YES;
				CLANG_WARN_ENUM_CONVERSION = YES;
				CLANG_WARN_INFINITE_RECURSION = YES;
				CLANG_WARN_INT_CONVERSION = YES;
				CLANG_WARN_NON_LITERAL_NULL_CONVERSION = YES;
				CLANG_WARN_OBJC_IMPLICIT_RETAIN_SELF = YES;
				CLANG_WARN_OBJC_LITERAL_CONVERSION = YES;
				CLANG_WARN_OBJC_ROOT_CLASS = YES_ERROR;
				CLANG_WARN_QUOTED_INCLUDE_IN_FRAMEWORK_HEADER = YES;
				CLANG_WARN_RANGE_LOOP_ANALYSIS = YES;
				CLANG_WARN_STRICT_PROTOTYPES = YES;
				CLANG_WARN_SUSPICIOUS_MOVE = YES;
				CLANG_WARN_UNGUARDED_AVAILABILITY = YES_AGGRESSIVE;
				CLANG_WARN_UNREACHABLE_CODE = YES;
				CLANG_WARN__DUPLICATE_METHOD_MATCH = YES;
				COPY_PHASE_STRIP = NO;
				DEBUG_INFORMATION_FORMAT = "dwarf-with-dsym";
				ENABLE_NS_ASSERTIONS = NO;
				ENABLE_STRICT_OBJC_MSGSEND = YES;
				ENABLE_USER_SCRIPT_SANDBOXING = YES;
				GCC_C_LANGUAGE_STANDARD = gnu17;
				GCC_NO_COMMON_BLOCKS = YES;
				GCC_WARN_64_TO_32_BIT_CONVERSION = YES;
				GCC_WARN_ABOUT_RETURN_TYPE = YES_ERROR;
				GCC_WARN_UNDECLARED_SELECTOR = YES;
				GCC_WARN_UNINITIALIZED_AUTOS = YES_AGGRESSIVE;
				GCC_WARN_UNUSED_FUNCTION = YES;
				GCC_WARN_UNUSED_VARIABLE = YES;
				IPHONEOS_DEPLOYMENT_TARGET = 17.4;
				LOCALIZATION_PREFERS_STRING_CATALOGS = YES;
				MTL_ENABLE_DEBUG_INFO = NO;
				MTL_FAST_MATH = YES;
				SDKROOT = iphoneos;
				SWIFT_COMPILATION_MODE = wholemodule;
				VALIDATE_PRODUCT = YES;
			};
			name = Release;
		};
		F392A2CF2BED772C008EAD12 /* Debug */ = {
			isa = XCBuildConfiguration;
			buildSettings = {
				ASSETCATALOG_COMPILER_APPICON_NAME = AppIcon;
				ASSETCATALOG_COMPILER_GLOBAL_ACCENT_COLOR_NAME = AccentColor;
				CODE_SIGN_ENTITLEMENTS = "Workbook Pro/Workbook Pro.entitlements";
				CODE_SIGN_STYLE = Automatic;
				CURRENT_PROJECT_VERSION = 0;
				DEVELOPMENT_ASSET_PATHS = "";
				DEVELOPMENT_TEAM = 8FQUA2F388;
				ENABLE_PREVIEWS = YES;
				GENERATE_INFOPLIST_FILE = YES;
				INFOPLIST_FILE = "Workbook-Pro-Info.plist";
				INFOPLIST_KEY_CFBundleDisplayName = "Workbook Pro";
				INFOPLIST_KEY_LSApplicationCategoryType = "public.app-category.productivity";
				INFOPLIST_KEY_UIApplicationSceneManifest_Generation = YES;
				INFOPLIST_KEY_UIApplicationSupportsIndirectInputEvents = YES;
				INFOPLIST_KEY_UILaunchScreen_Generation = YES;
				INFOPLIST_KEY_UIRequiresFullScreen = YES;
				INFOPLIST_KEY_UISupportedInterfaceOrientations = "UIInterfaceOrientationLandscapeLeft UIInterfaceOrientationLandscapeRight UIInterfaceOrientationPortrait UIInterfaceOrientationPortraitUpsideDown";
				IPHONEOS_DEPLOYMENT_TARGET = 17.5;
				LD_RUNPATH_SEARCH_PATHS = (
					"$(inherited)",
					"@executable_path/Frameworks",
				);
				MARKETING_VERSION = 0.9;
				PRODUCT_BUNDLE_IDENTIFIER = "dev.topscrech.Workbook-Pro";
				PRODUCT_NAME = "$(TARGET_NAME)";
				SUPPORTED_PLATFORMS = "iphoneos iphonesimulator";
				SUPPORTS_MACCATALYST = NO;
				SWIFT_EMIT_LOC_STRINGS = YES;
				SWIFT_VERSION = 5.0;
				TARGETED_DEVICE_FAMILY = 2;
			};
			name = Debug;
		};
		F392A2D02BED772C008EAD12 /* Release */ = {
			isa = XCBuildConfiguration;
			buildSettings = {
				ASSETCATALOG_COMPILER_APPICON_NAME = AppIcon;
				ASSETCATALOG_COMPILER_GLOBAL_ACCENT_COLOR_NAME = AccentColor;
				CODE_SIGN_ENTITLEMENTS = "Workbook Pro/Workbook Pro.entitlements";
				CODE_SIGN_STYLE = Automatic;
				CURRENT_PROJECT_VERSION = 0;
				DEVELOPMENT_ASSET_PATHS = "";
				DEVELOPMENT_TEAM = 8FQUA2F388;
				ENABLE_PREVIEWS = YES;
				GENERATE_INFOPLIST_FILE = YES;
				INFOPLIST_FILE = "Workbook-Pro-Info.plist";
				INFOPLIST_KEY_CFBundleDisplayName = "Workbook Pro";
				INFOPLIST_KEY_LSApplicationCategoryType = "public.app-category.productivity";
				INFOPLIST_KEY_UIApplicationSceneManifest_Generation = YES;
				INFOPLIST_KEY_UIApplicationSupportsIndirectInputEvents = YES;
				INFOPLIST_KEY_UILaunchScreen_Generation = YES;
				INFOPLIST_KEY_UIRequiresFullScreen = YES;
				INFOPLIST_KEY_UISupportedInterfaceOrientations = "UIInterfaceOrientationLandscapeLeft UIInterfaceOrientationLandscapeRight UIInterfaceOrientationPortrait UIInterfaceOrientationPortraitUpsideDown";
				IPHONEOS_DEPLOYMENT_TARGET = 17.5;
				LD_RUNPATH_SEARCH_PATHS = (
					"$(inherited)",
					"@executable_path/Frameworks",
				);
				MARKETING_VERSION = 0.9;
				PRODUCT_BUNDLE_IDENTIFIER = "dev.topscrech.Workbook-Pro";
				PRODUCT_NAME = "$(TARGET_NAME)";
				SUPPORTED_PLATFORMS = "iphoneos iphonesimulator";
				SUPPORTS_MACCATALYST = NO;
				SWIFT_EMIT_LOC_STRINGS = YES;
				SWIFT_VERSION = 5.0;
				TARGETED_DEVICE_FAMILY = 2;
			};
			name = Release;
		};
/* End XCBuildConfiguration section */

/* Begin XCConfigurationList section */
		F392A2B92BED772B008EAD12 /* Build configuration list for PBXProject "Workbook Pro" */ = {
			isa = XCConfigurationList;
			buildConfigurations = (
				F392A2CC2BED772C008EAD12 /* Debug */,
				F392A2CD2BED772C008EAD12 /* Release */,
			);
			defaultConfigurationIsVisible = 0;
			defaultConfigurationName = Release;
		};
		F392A2CE2BED772C008EAD12 /* Build configuration list for PBXNativeTarget "Workbook Pro" */ = {
			isa = XCConfigurationList;
			buildConfigurations = (
				F392A2CF2BED772C008EAD12 /* Debug */,
				F392A2D02BED772C008EAD12 /* Release */,
			);
			defaultConfigurationIsVisible = 0;
			defaultConfigurationName = Release;
		};
/* End XCConfigurationList section */

/* Begin XCRemoteSwiftPackageReference section */
		F392A2DD2BEE113E008EAD12 /* XCRemoteSwiftPackageReference "ScrechKit" */ = {
			isa = XCRemoteSwiftPackageReference;
			repositoryURL = "https://github.com/TopScrech/ScrechKit";
			requirement = {
				branch = main;
				kind = branch;
			};
		};
		F3C50ECD2BF81D4300DF017F /* XCRemoteSwiftPackageReference "Swifto-Crypto" */ = {
			isa = XCRemoteSwiftPackageReference;
			repositoryURL = "https://github.com/TopScrech/Swifto-Crypto";
			requirement = {
				branch = main;
				kind = branch;
			};
		};
/* End XCRemoteSwiftPackageReference section */

/* Begin XCSwiftPackageProductDependency section */
		F392A2DE2BEE113E008EAD12 /* ScrechKit */ = {
			isa = XCSwiftPackageProductDependency;
			package = F392A2DD2BEE113E008EAD12 /* XCRemoteSwiftPackageReference "ScrechKit" */;
			productName = ScrechKit;
		};
		F3C50ECE2BF81D4300DF017F /* Swifto Crypto */ = {
			isa = XCSwiftPackageProductDependency;
			package = F3C50ECD2BF81D4300DF017F /* XCRemoteSwiftPackageReference "Swifto-Crypto" */;
			productName = "Swifto Crypto";
		};
/* End XCSwiftPackageProductDependency section */
	};
	rootObject = F392A2B62BED772B008EAD12 /* Project object */;
}
